
Microsoft Visual Studio Solution File, Format Version 12.00
# Visual Studio Version 17
VisualStudioVersion = 17.14.36915.13 d17.14
MinimumVisualStudioVersion = 10.0.40219.1
Project("{FAE04EC0-301F-11D3-BF4B-00C04F79EFBC}") = "apideneme", "apideneme\apideneme.csproj", "{DE844894-C64C-4793-BE70-652DDEED6885}"
EndProject
Global
	GlobalSection(SolutionConfigurationPlatforms) = preSolution
		Debug|Any CPU = Debug|Any CPU
		Release|Any CPU = Release|Any CPU
	EndGlobalSection
	GlobalSection(ProjectConfigurationPlatforms) = postSolution
		{DE844894-C64C-4793-BE70-652DDEED6885}.Debug|Any CPU.ActiveCfg = Debug|Any CPU
		{DE844894-C64C-4793-BE70-652DDEED6885}.Debug|Any CPU.Build.0 = Debug|Any CPU
		{DE844894-C64C-4793-BE70-652DDEED6885}.Release|Any CPU.ActiveCfg = Release|Any CPU
		{DE844894-C64C-4793-BE70-652DDEED6885}.Release|Any CPU.Build.0 = Release|Any CPU
	EndGlobalSection
	GlobalSection(SolutionProperties) = preSolution
		HideSolutionNode = FALSE
	EndGlobalSection
	GlobalSection(ExtensibilityGlobals) = postSolution
		SolutionGuid = {6131AFCD-C36D-4FA2-8D49-508FA3074538}
	EndGlobalSection
EndGlobal
